
Microsoft Visual Studio Solution File, Format Version 12.00
# Visual Studio Version 17
VisualStudioVersion = 17.4.33205.214
MinimumVisualStudioVersion = 10.0.40219.1
Project("{9A19103F-16F7-4668-BE54-9A1E7A4F7556}") = "Lab", "Lab.csproj", "{B105AF70-3972-463E-8C7E-DB2926DF6A12}"
EndProject
Global
	GlobalSection(SolutionConfigurationPlatforms) = preSolution
		Debug|Any CPU = Debug|Any CPU
		Release|Any CPU = Release|Any CPU
	EndGlobalSection
	GlobalSection(ProjectConfigurationPlatforms) = postSolution
		{B105AF70-3972-463E-8C7E-DB2926DF6A12}.Debug|Any CPU.ActiveCfg = Debug|Any CPU
		{B105AF70-3972-463E-8C7E-DB2926DF6A12}.Debug|Any CPU.Build.0 = Debug|Any CPU
		{B105AF70-3972-463E-8C7E-DB2926DF6A12}.Release|Any CPU.ActiveCfg = Release|Any CPU
		{B105AF70-3972-463E-8C7E-DB2926DF6A12}.Release|Any CPU.Build.0 = Release|Any CPU
	EndGlobalSection
	GlobalSection(SolutionProperties) = preSolution
		HideSolutionNode = FALSE
	EndGlobalSection
	GlobalSection(ExtensibilityGlobals) = postSolution
		SolutionGuid = {86358C38-1B3C-4F52-AE51-302D3A2A17F1}
	EndGlobalSection
EndGlobal
