
Microsoft Visual Studio Solution File, Format Version 12.00
# Visual Studio Version 17
VisualStudioVersion = 17.4.33205.214
MinimumVisualStudioVersion = 10.0.40219.1
Project("{FAE04EC0-301F-11D3-BF4B-00C04F79EFBC}") = "Lap3", "Lap3.csproj", "{20582CD1-E5E8-4552-98F8-715FCA67B02B}"
EndProject
Global
	GlobalSection(SolutionConfigurationPlatforms) = preSolution
		Debug|Any CPU = Debug|Any CPU
		Release|Any CPU = Release|Any CPU
	EndGlobalSection
	GlobalSection(ProjectConfigurationPlatforms) = postSolution
		{20582CD1-E5E8-4552-98F8-715FCA67B02B}.Debug|Any CPU.ActiveCfg = Debug|Any CPU
		{20582CD1-E5E8-4552-98F8-715FCA67B02B}.Debug|Any CPU.Build.0 = Debug|Any CPU
		{20582CD1-E5E8-4552-98F8-715FCA67B02B}.Release|Any CPU.ActiveCfg = Release|Any CPU
		{20582CD1-E5E8-4552-98F8-715FCA67B02B}.Release|Any CPU.Build.0 = Release|Any CPU
	EndGlobalSection
	GlobalSection(SolutionProperties) = preSolution
		HideSolutionNode = FALSE
	EndGlobalSection
	GlobalSection(ExtensibilityGlobals) = postSolution
		SolutionGuid = {668C8108-E372-4C8C-933F-D812D02AF41B}
	EndGlobalSection
EndGlobal
