
Microsoft Visual Studio Solution File, Format Version 12.00
# Visual Studio Version 17
VisualStudioVersion = 17.4.33205.214
MinimumVisualStudioVersion = 10.0.40219.1
Project("{FAE04EC0-301F-11D3-BF4B-00C04F79EFBC}") = "WhitIsParameter", "WhitIsParameter.csproj", "{BEA4C29C-CB8F-43DC-88B0-CDF24CAD2316}"
EndProject
Global
	GlobalSection(SolutionConfigurationPlatforms) = preSolution
		Debug|Any CPU = Debug|Any CPU
		Release|Any CPU = Release|Any CPU
	EndGlobalSection
	GlobalSection(ProjectConfigurationPlatforms) = postSolution
		{BEA4C29C-CB8F-43DC-88B0-CDF24CAD2316}.Debug|Any CPU.ActiveCfg = Debug|Any CPU
		{BEA4C29C-CB8F-43DC-88B0-CDF24CAD2316}.Debug|Any CPU.Build.0 = Debug|Any CPU
		{BEA4C29C-CB8F-43DC-88B0-CDF24CAD2316}.Release|Any CPU.ActiveCfg = Release|Any CPU
		{BEA4C29C-CB8F-43DC-88B0-CDF24CAD2316}.Release|Any CPU.Build.0 = Release|Any CPU
	EndGlobalSection
	GlobalSection(SolutionProperties) = preSolution
		HideSolutionNode = FALSE
	EndGlobalSection
	GlobalSection(ExtensibilityGlobals) = postSolution
		SolutionGuid = {B4F6A216-B4BC-41E8-A890-38FDF630EDF1}
	EndGlobalSection
EndGlobal
