
Microsoft Visual Studio Solution File, Format Version 12.00
# Visual Studio Version 17
VisualStudioVersion = 17.4.33205.214
MinimumVisualStudioVersion = 10.0.40219.1
Project("{FAE04EC0-301F-11D3-BF4B-00C04F79EFBC}") = "Lap2", "Lap2.csproj", "{469DD106-83B1-45EE-9101-73D5F2AED7D3}"
EndProject
Global
	GlobalSection(SolutionConfigurationPlatforms) = preSolution
		Debug|Any CPU = Debug|Any CPU
		Release|Any CPU = Release|Any CPU
	EndGlobalSection
	GlobalSection(ProjectConfigurationPlatforms) = postSolution
		{469DD106-83B1-45EE-9101-73D5F2AED7D3}.Debug|Any CPU.ActiveCfg = Debug|Any CPU
		{469DD106-83B1-45EE-9101-73D5F2AED7D3}.Debug|Any CPU.Build.0 = Debug|Any CPU
		{469DD106-83B1-45EE-9101-73D5F2AED7D3}.Release|Any CPU.ActiveCfg = Release|Any CPU
		{469DD106-83B1-45EE-9101-73D5F2AED7D3}.Release|Any CPU.Build.0 = Release|Any CPU
	EndGlobalSection
	GlobalSection(SolutionProperties) = preSolution
		HideSolutionNode = FALSE
	EndGlobalSection
	GlobalSection(ExtensibilityGlobals) = postSolution
		SolutionGuid = {6320212B-FFD6-4219-80C9-64C004CABE86}
	EndGlobalSection
EndGlobal
